// !$*UTF8*$!
{
	archiveVersion = 1;
	classes = {
	};
	objectVersion = 46;
	objects = {

/* Begin PBXBuildFile section */
		779765081D78DA458FDE51D4 /* Pods_RM30902.framework in Frameworks */ = {isa = PBXBuildFile; fileRef = B3DE231C767FF25049E8BE5C /* Pods_RM30902.framework */; };
		F97E00B81FD0E1F0008322EC /* AppDelegate.swift in Sources */ = {isa = PBXBuildFile; fileRef = F97E00B71FD0E1F0008322EC /* AppDelegate.swift */; };
		F97E00BD1FD0E1F0008322EC /* Main.storyboard in Resources */ = {isa = PBXBuildFile; fileRef = F97E00BB1FD0E1F0008322EC /* Main.storyboard */; };
		F97E00BF1FD0E1F0008322EC /* Assets.xcassets in Resources */ = {isa = PBXBuildFile; fileRef = F97E00BE1FD0E1F0008322EC /* Assets.xcassets */; };
		F97E00C21FD0E1F0008322EC /* LaunchScreen.storyboard in Resources */ = {isa = PBXBuildFile; fileRef = F97E00C01FD0E1F0008322EC /* LaunchScreen.storyboard */; };
		F97E00CA1FD0E3FE008322EC /* Beer.swift in Sources */ = {isa = PBXBuildFile; fileRef = F97E00C91FD0E3FE008322EC /* Beer.swift */; };
		F97E00CC1FD0E48B008322EC /* BeerViewController.swift in Sources */ = {isa = PBXBuildFile; fileRef = F97E00CB1FD0E48B008322EC /* BeerViewController.swift */; };
		F97E00CE1FD0E4A8008322EC /* BeersTableViewController.swift in Sources */ = {isa = PBXBuildFile; fileRef = F97E00CD1FD0E4A8008322EC /* BeersTableViewController.swift */; };
		F97E00D01FD0E520008322EC /* REST.swift in Sources */ = {isa = PBXBuildFile; fileRef = F97E00CF1FD0E520008322EC /* REST.swift */; };
		F97E00D21FD0F551008322EC /* BeerTableViewCell.swift in Sources */ = {isa = PBXBuildFile; fileRef = F97E00D11FD0F551008322EC /* BeerTableViewCell.swift */; };
/* End PBXBuildFile section */

/* Begin PBXFileReference section */
		36F4AA8EA43F094DE59EAF5E /* Pods-RM30902.release.xcconfig */ = {isa = PBXFileReference; includeInIndex = 1; lastKnownFileType = text.xcconfig; name = "Pods-RM30902.release.xcconfig"; path = "Pods/Target Support Files/Pods-RM30902/Pods-RM30902.release.xcconfig"; sourceTree = "<group>"; };
		501C2730BEFCBBB0532A9084 /* Pods-RM30902.debug.xcconfig */ = {isa = PBXFileReference; includeInIndex = 1; lastKnownFileType = text.xcconfig; name = "Pods-RM30902.debug.xcconfig"; path = "Pods/Target Support Files/Pods-RM30902/Pods-RM30902.debug.xcconfig"; sourceTree = "<group>"; };
		B3DE231C767FF25049E8BE5C /* Pods_RM30902.framework */ = {isa = PBXFileReference; explicitFileType = wrapper.framework; includeInIndex = 0; path = Pods_RM30902.framework; sourceTree = BUILT_PRODUCTS_DIR; };
		F97E00B41FD0E1F0008322EC /* RM30902.app */ = {isa = PBXFileReference; explicitFileType = wrapper.application; includeInIndex = 0; path = RM30902.app; sourceTree = BUILT_PRODUCTS_DIR; };
		F97E00B71FD0E1F0008322EC /* AppDelegate.swift */ = {isa = PBXFileReference; lastKnownFileType = sourcecode.swift; path = AppDelegate.swift; sourceTree = "<group>"; };
		F97E00BC1FD0E1F0008322EC /* Base */ = {isa = PBXFileReference; lastKnownFileType = file.storyboard; name = Base; path = Base.lproj/Main.storyboard; sourceTree = "<group>"; };
		F97E00BE1FD0E1F0008322EC /* Assets.xcassets */ = {isa = PBXFileReference; lastKnownFileType = folder.assetcatalog; path = Assets.xcassets; sourceTree = "<group>"; };
		F97E00C11FD0E1F0008322EC /* Base */ = {isa = PBXFileReference; lastKnownFileType = file.storyboard; name = Base; path = Base.lproj/LaunchScreen.storyboard; sourceTree = "<group>"; };
		F97E00C31FD0E1F0008322EC /* Info.plist */ = {isa = PBXFileReference; lastKnownFileType = text.plist.xml; path = Info.plist; sourceTree = "<group>"; };
		F97E00C91FD0E3FE008322EC /* Beer.swift */ = {isa = PBXFileReference; fileEncoding = 4; lastKnownFileType = sourcecode.swift; path = Beer.swift; sourceTree = "<group>"; };
		F97E00CB1FD0E48B008322EC /* BeerViewController.swift */ = {isa = PBXFileReference; fileEncoding = 4; lastKnownFileType = sourcecode.swift; path = BeerViewController.swift; sourceTree = "<group>"; };
		F97E00CD1FD0E4A8008322EC /* BeersTableViewController.swift */ = {isa = PBXFileReference; fileEncoding = 4; lastKnownFileType = sourcecode.swift; path = BeersTableViewController.swift; sourceTree = "<group>"; };
		F97E00CF1FD0E520008322EC /* REST.swift */ = {isa = PBXFileReference; fileEncoding = 4; lastKnownFileType = sourcecode.swift; path = REST.swift; sourceTree = "<group>"; };
		F97E00D11FD0F551008322EC /* BeerTableViewCell.swift */ = {isa = PBXFileReference; fileEncoding = 4; lastKnownFileType = sourcecode.swift; path = BeerTableViewCell.swift; sourceTree = "<group>"; };
/* End PBXFileReference section */

/* Begin PBXFrameworksBuildPhase section */
		F97E00B11FD0E1EF008322EC /* Frameworks */ = {
			isa = PBXFrameworksBuildPhase;
			buildActionMask = 2147483647;
			files = (
				779765081D78DA458FDE51D4 /* Pods_RM30902.framework in Frameworks */,
			);
			runOnlyForDeploymentPostprocessing = 0;
		};
/* End PBXFrameworksBuildPhase section */

/* Begin PBXGroup section */
		473C50F0E5A25670F1062847 /* Pods */ = {
			isa = PBXGroup;
			children = (
				501C2730BEFCBBB0532A9084 /* Pods-RM30902.debug.xcconfig */,
				36F4AA8EA43F094DE59EAF5E /* Pods-RM30902.release.xcconfig */,
			);
			name = Pods;
			sourceTree = "<group>";
		};
		4F51F1ED6D86C195ABB8F43C /* Frameworks */ = {
			isa = PBXGroup;
			children = (
				B3DE231C767FF25049E8BE5C /* Pods_RM30902.framework */,
			);
			name = Frameworks;
			sourceTree = "<group>";
		};
		F96275CD1FD4649E0039D3A1 /* Services */ = {
			isa = PBXGroup;
			children = (
				F97E00CF1FD0E520008322EC /* REST.swift */,
			);
			name = Services;
			sourceTree = "<group>";
		};
		F96275CE1FD464B50039D3A1 /* Controllers */ = {
			isa = PBXGroup;
			children = (
				F97E00D11FD0F551008322EC /* BeerTableViewCell.swift */,
				F97E00CD1FD0E4A8008322EC /* BeersTableViewController.swift */,
				F97E00CB1FD0E48B008322EC /* BeerViewController.swift */,
			);
			name = Controllers;
			sourceTree = "<group>";
		};
		F96275CF1FD464E30039D3A1 /* Models */ = {
			isa = PBXGroup;
			children = (
				F97E00C91FD0E3FE008322EC /* Beer.swift */,
			);
			name = Models;
			sourceTree = "<group>";
		};
		F97E00AB1FD0E1EF008322EC = {
			isa = PBXGroup;
			children = (
				F97E00B61FD0E1F0008322EC /* RM30902 */,
				F97E00B51FD0E1F0008322EC /* Products */,
				473C50F0E5A25670F1062847 /* Pods */,
				4F51F1ED6D86C195ABB8F43C /* Frameworks */,
			);
			sourceTree = "<group>";
		};
		F97E00B51FD0E1F0008322EC /* Products */ = {
			isa = PBXGroup;
			children = (
				F97E00B41FD0E1F0008322EC /* RM30902.app */,
			);
			name = Products;
			sourceTree = "<group>";
		};
		F97E00B61FD0E1F0008322EC /* RM30902 */ = {
			isa = PBXGroup;
			children = (
				F96275CF1FD464E30039D3A1 /* Models */,
				F96275CE1FD464B50039D3A1 /* Controllers */,
				F96275CD1FD4649E0039D3A1 /* Services */,
				F97E00B71FD0E1F0008322EC /* AppDelegate.swift */,
				F97E00BB1FD0E1F0008322EC /* Main.storyboard */,
				F97E00BE1FD0E1F0008322EC /* Assets.xcassets */,
				F97E00C01FD0E1F0008322EC /* LaunchScreen.storyboard */,
				F97E00C31FD0E1F0008322EC /* Info.plist */,
			);
			path = RM30902;
			sourceTree = "<group>";
		};
/* End PBXGroup section */

/* Begin PBXNativeTarget section */
		F97E00B31FD0E1EF008322EC /* RM30902 */ = {
			isa = PBXNativeTarget;
			buildConfigurationList = F97E00C61FD0E1F0008322EC /* Build configuration list for PBXNativeTarget "RM30902" */;
			buildPhases = (
				47E2A87482EF42311B9F28AF /* [CP] Check Pods Manifest.lock */,
				F97E00B01FD0E1EF008322EC /* Sources */,
				F97E00B11FD0E1EF008322EC /* Frameworks */,
				F97E00B21FD0E1EF008322EC /* Resources */,
				C58CA4F01F0E4CEBDCBC96B6 /* [CP] Embed Pods Frameworks */,
				FCF2842E5C84202BEFFC358D /* [CP] Copy Pods Resources */,
			);
			buildRules = (
			);
			dependencies = (
			);
			name = RM30902;
			productName = RM30902;
			productReference = F97E00B41FD0E1F0008322EC /* RM30902.app */;
			productType = "com.apple.product-type.application";
		};
/* End PBXNativeTarget section */

/* Begin PBXProject section */
		F97E00AC1FD0E1EF008322EC /* Project object */ = {
			isa = PBXProject;
			attributes = {
				LastSwiftUpdateCheck = 0830;
				LastUpgradeCheck = 0830;
				ORGANIZATIONNAME = "Rodrigo Cocate";
				TargetAttributes = {
					F97E00B31FD0E1EF008322EC = {
						CreatedOnToolsVersion = 8.3.3;
						ProvisioningStyle = Automatic;
					};
				};
			};
			buildConfigurationList = F97E00AF1FD0E1EF008322EC /* Build configuration list for PBXProject "RM30902" */;
			compatibilityVersion = "Xcode 3.2";
			developmentRegion = English;
			hasScannedForEncodings = 0;
			knownRegions = (
				en,
				Base,
			);
			mainGroup = F97E00AB1FD0E1EF008322EC;
			productRefGroup = F97E00B51FD0E1F0008322EC /* Products */;
			projectDirPath = "";
			projectRoot = "";
			targets = (
				F97E00B31FD0E1EF008322EC /* RM30902 */,
			);
		};
/* End PBXProject section */

/* Begin PBXResourcesBuildPhase section */
		F97E00B21FD0E1EF008322EC /* Resources */ = {
			isa = PBXResourcesBuildPhase;
			buildActionMask = 2147483647;
			files = (
				F97E00C21FD0E1F0008322EC /* LaunchScreen.storyboard in Resources */,
				F97E00BF1FD0E1F0008322EC /* Assets.xcassets in Resources */,
				F97E00BD1FD0E1F0008322EC /* Main.storyboard in Resources */,
			);
			runOnlyForDeploymentPostprocessing = 0;
		};
/* End PBXResourcesBuildPhase section */

/* Begin PBXShellScriptBuildPhase section */
		47E2A87482EF42311B9F28AF /* [CP] Check Pods Manifest.lock */ = {
			isa = PBXShellScriptBuildPhase;
			buildActionMask = 2147483647;
			files = (
			);
			inputPaths = (
				"${PODS_PODFILE_DIR_PATH}/Podfile.lock",
				"${PODS_ROOT}/Manifest.lock",
			);
			name = "[CP] Check Pods Manifest.lock";
			outputPaths = (
				"$(DERIVED_FILE_DIR)/Pods-RM30902-checkManifestLockResult.txt",
			);
			runOnlyForDeploymentPostprocessing = 0;
			shellPath = /bin/sh;
			shellScript = "diff \"${PODS_PODFILE_DIR_PATH}/Podfile.lock\" \"${PODS_ROOT}/Manifest.lock\" > /dev/null\nif [ $? != 0 ] ; then\n    # print error to STDERR\n    echo \"error: The sandbox is not in sync with the Podfile.lock. Run 'pod install' or update your CocoaPods installation.\" >&2\n    exit 1\nfi\n# This output is used by Xcode 'outputs' to avoid re-running this script phase.\necho \"SUCCESS\" > \"${SCRIPT_OUTPUT_FILE_0}\"\n";
			showEnvVarsInLog = 0;
		};
		C58CA4F01F0E4CEBDCBC96B6 /* [CP] Embed Pods Frameworks */ = {
			isa = PBXShellScriptBuildPhase;
			buildActionMask = 2147483647;
			files = (
			);
			inputPaths = (
				"${SRCROOT}/Pods/Target Support Files/Pods-RM30902/Pods-RM30902-frameworks.sh",
				"${BUILT_PRODUCTS_DIR}/Kingfisher/Kingfisher.framework",
			);
			name = "[CP] Embed Pods Frameworks";
			outputPaths = (
				"${TARGET_BUILD_DIR}/${FRAMEWORKS_FOLDER_PATH}/Kingfisher.framework",
			);
			runOnlyForDeploymentPostprocessing = 0;
			shellPath = /bin/sh;
			shellScript = "\"${SRCROOT}/Pods/Target Support Files/Pods-RM30902/Pods-RM30902-frameworks.sh\"\n";
			showEnvVarsInLog = 0;
		};
		FCF2842E5C84202BEFFC358D /* [CP] Copy Pods Resources */ = {
			isa = PBXShellScriptBuildPhase;
			buildActionMask = 2147483647;
			files = (
			);
			inputPaths = (
			);
			name = "[CP] Copy Pods Resources";
			outputPaths = (
			);
			runOnlyForDeploymentPostprocessing = 0;
			shellPath = /bin/sh;
			shellScript = "\"${SRCROOT}/Pods/Target Support Files/Pods-RM30902/Pods-RM30902-resources.sh\"\n";
			showEnvVarsInLog = 0;
		};
/* End PBXShellScriptBuildPhase section */

/* Begin PBXSourcesBuildPhase section */
		F97E00B01FD0E1EF008322EC /* Sources */ = {
			isa = PBXSourcesBuildPhase;
			buildActionMask = 2147483647;
			files = (
				F97E00CC1FD0E48B008322EC /* BeerViewController.swift in Sources */,
				F97E00D21FD0F551008322EC /* BeerTableViewCell.swift in Sources */,
				F97E00CE1FD0E4A8008322EC /* BeersTableViewController.swift in Sources */,
				F97E00CA1FD0E3FE008322EC /* Beer.swift in Sources */,
				F97E00D01FD0E520008322EC /* REST.swift in Sources */,
				F97E00B81FD0E1F0008322EC /* AppDelegate.swift in Sources */,
			);
			runOnlyForDeploymentPostprocessing = 0;
		};
/* End PBXSourcesBuildPhase section */

/* Begin PBXVariantGroup section */
		F97E00BB1FD0E1F0008322EC /* Main.storyboard */ = {
			isa = PBXVariantGroup;
			children = (
				F97E00BC1FD0E1F0008322EC /* Base */,
			);
			name = Main.storyboard;
			sourceTree = "<group>";
		};
		F97E00C01FD0E1F0008322EC /* LaunchScreen.storyboard */ = {
			isa = PBXVariantGroup;
			children = (
				F97E00C11FD0E1F0008322EC /* Base */,
			);
			name = LaunchScreen.storyboard;
			sourceTree = "<group>";
		};
/* End PBXVariantGroup section */

/* Begin XCBuildConfiguration section */
		F97E00C41FD0E1F0008322EC /* Debug */ = {
			isa = XCBuildConfiguration;
			buildSettings = {
				ALWAYS_SEARCH_USER_PATHS = NO;
				CLANG_ANALYZER_NONNULL = YES;
				CLANG_ANALYZER_NUMBER_OBJECT_CONVERSION = YES_AGGRESSIVE;
				CLANG_CXX_LANGUAGE_STANDARD = "gnu++0x";
				CLANG_CXX_LIBRARY = "libc++";
				CLANG_ENABLE_MODULES = YES;
				CLANG_ENABLE_OBJC_ARC = YES;
				CLANG_WARN_BOOL_CONVERSION = YES;
				CLANG_WARN_CONSTANT_CONVERSION = YES;
				CLANG_WARN_DIRECT_OBJC_ISA_USAGE = YES_ERROR;
				CLANG_WARN_DOCUMENTATION_COMMENTS = YES;
				CLANG_WARN_EMPTY_BODY = YES;
				CLANG_WARN_ENUM_CONVERSION = YES;
				CLANG_WARN_INFINITE_RECURSION = YES;
				CLANG_WARN_INT_CONVERSION = YES;
				CLANG_WARN_OBJC_ROOT_CLASS = YES_ERROR;
				CLANG_WARN_SUSPICIOUS_MOVE = YES;
				CLANG_WARN_UNREACHABLE_CODE = YES;
				CLANG_WARN__DUPLICATE_METHOD_MATCH = YES;
				"CODE_SIGN_IDENTITY[sdk=iphoneos*]" = "iPhone Developer";
				COPY_PHASE_STRIP = NO;
				DEBUG_INFORMATION_FORMAT = dwarf;
				ENABLE_STRICT_OBJC_MSGSEND = YES;
				ENABLE_TESTABILITY = YES;
				GCC_C_LANGUAGE_STANDARD = gnu99;
				GCC_DYNAMIC_NO_PIC = NO;
				GCC_NO_COMMON_BLOCKS = YES;
				GCC_OPTIMIZATION_LEVEL = 0;
				GCC_PREPROCESSOR_DEFINITIONS = (
					"DEBUG=1",
					"$(inherited)",
				);
				GCC_WARN_64_TO_32_BIT_CONVERSION = YES;
				GCC_WARN_ABOUT_RETURN_TYPE = YES_ERROR;
				GCC_WARN_UNDECLARED_SELECTOR = YES;
				GCC_WARN_UNINITIALIZED_AUTOS = YES_AGGRESSIVE;
				GCC_WARN_UNUSED_FUNCTION = YES;
				GCC_WARN_UNUSED_VARIABLE = YES;
				IPHONEOS_DEPLOYMENT_TARGET = 10.3;
				MTL_ENABLE_DEBUG_INFO = YES;
				ONLY_ACTIVE_ARCH = YES;
				SDKROOT = iphoneos;
				SWIFT_ACTIVE_COMPILATION_CONDITIONS = DEBUG;
				SWIFT_OPTIMIZATION_LEVEL = "-Onone";
			};
			name = Debug;
		};
		F97E00C51FD0E1F0008322EC /* Release */ = {
			isa = XCBuildConfiguration;
			buildSettings = {
				ALWAYS_SEARCH_USER_PATHS = NO;
				CLANG_ANALYZER_NONNULL = YES;
				CLANG_ANALYZER_NUMBER_OBJECT_CONVERSION = YES_AGGRESSIVE;
				CLANG_CXX_LANGUAGE_STANDARD = "gnu++0x";
				CLANG_CXX_LIBRARY = "libc++";
				CLANG_ENABLE_MODULES = YES;
				CLANG_ENABLE_OBJC_ARC = YES;
				CLANG_WARN_BOOL_CONVERSION = YES;
				CLANG_WARN_CONSTANT_CONVERSION = YES;
				CLANG_WARN_DIRECT_OBJC_ISA_USAGE = YES_ERROR;
				CLANG_WARN_DOCUMENTATION_COMMENTS = YES;
				CLANG_WARN_EMPTY_BODY = YES;
				CLANG_WARN_ENUM_CONVERSION = YES;
				CLANG_WARN_INFINITE_RECURSION = YES;
				CLANG_WARN_INT_CONVERSION = YES;
				CLANG_WARN_OBJC_ROOT_CLASS = YES_ERROR;
				CLANG_WARN_SUSPICIOUS_MOVE = YES;
				CLANG_WARN_UNREACHABLE_CODE = YES;
				CLANG_WARN__DUPLICATE_METHOD_MATCH = YES;
				"CODE_SIGN_IDENTITY[sdk=iphoneos*]" = "iPhone Developer";
				COPY_PHASE_STRIP = NO;
				DEBUG_INFORMATION_FORMAT = "dwarf-with-dsym";
				ENABLE_NS_ASSERTIONS = NO;
				ENABLE_STRICT_OBJC_MSGSEND = YES;
				GCC_C_LANGUAGE_STANDARD = gnu99;
				GCC_NO_COMMON_BLOCKS = YES;
				GCC_WARN_64_TO_32_BIT_CONVERSION = YES;
				GCC_WARN_ABOUT_RETURN_TYPE = YES_ERROR;
				GCC_WARN_UNDECLARED_SELECTOR = YES;
				GCC_WARN_UNINITIALIZED_AUTOS = YES_AGGRESSIVE;
				GCC_WARN_UNUSED_FUNCTION = YES;
				GCC_WARN_UNUSED_VARIABLE = YES;
				IPHONEOS_DEPLOYMENT_TARGET = 10.3;
				MTL_ENABLE_DEBUG_INFO = NO;
				SDKROOT = iphoneos;
				SWIFT_OPTIMIZATION_LEVEL = "-Owholemodule";
				VALIDATE_PRODUCT = YES;
			};
			name = Release;
		};
		F97E00C71FD0E1F0008322EC /* Debug */ = {
			isa = XCBuildConfiguration;
			baseConfigurationReference = 501C2730BEFCBBB0532A9084 /* Pods-RM30902.debug.xcconfig */;
			buildSettings = {
				ASSETCATALOG_COMPILER_APPICON_NAME = AppIcon;
				INFOPLIST_FILE = RM30902/Info.plist;
				LD_RUNPATH_SEARCH_PATHS = "$(inherited) @executable_path/Frameworks";
				PRODUCT_BUNDLE_IDENTIFIER = br.com.rodrigococate.RM30902;
				PRODUCT_NAME = "$(TARGET_NAME)";
				SWIFT_VERSION = 3.0;
			};
			name = Debug;
		};
		F97E00C81FD0E1F0008322EC /* Release */ = {
			isa = XCBuildConfiguration;
			baseConfigurationReference = 36F4AA8EA43F094DE59EAF5E /* Pods-RM30902.release.xcconfig */;
			buildSettings = {
				ASSETCATALOG_COMPILER_APPICON_NAME = AppIcon;
				INFOPLIST_FILE = RM30902/Info.plist;
				LD_RUNPATH_SEARCH_PATHS = "$(inherited) @executable_path/Frameworks";
				PRODUCT_BUNDLE_IDENTIFIER = br.com.rodrigococate.RM30902;
				PRODUCT_NAME = "$(TARGET_NAME)";
				SWIFT_VERSION = 3.0;
			};
			name = Release;
		};
/* End XCBuildConfiguration section */

/* Begin XCConfigurationList section */
		F97E00AF1FD0E1EF008322EC /* Build configuration list for PBXProject "RM30902" */ = {
			isa = XCConfigurationList;
			buildConfigurations = (
				F97E00C41FD0E1F0008322EC /* Debug */,
				F97E00C51FD0E1F0008322EC /* Release */,
			);
			defaultConfigurationIsVisible = 0;
			defaultConfigurationName = Release;
		};
		F97E00C61FD0E1F0008322EC /* Build configuration list for PBXNativeTarget "RM30902" */ = {
			isa = XCConfigurationList;
			buildConfigurations = (
				F97E00C71FD0E1F0008322EC /* Debug */,
				F97E00C81FD0E1F0008322EC /* Release */,
			);
			defaultConfigurationIsVisible = 0;
			defaultConfigurationName = Release;
		};
/* End XCConfigurationList section */
	};
	rootObject = F97E00AC1FD0E1EF008322EC /* Project object */;
}
